{
  "name": "npm-check-installed-git-tags",
  "version": "1.0.0",
  "lockfileVersion": 2,
  "requires": true,
  "packages": {
    "": {
      "name": "npm-check-installed-git-tags",
      "version": "1.0.0",
      "license": "Apache-2.0",
      "dependencies": {
        "npm-package-arg": "^11.0.1"
      },
      "bin": {
        "npm-check-installed-git-tags": "src/check.js",
        "npm-check-installed-git-tags-and-fix": "src/fix.js"
      }
    },
    "node_modules/builtins": {
      "version": "5.0.1",
      "resolved": "https://registry.npmjs.org/builtins/-/builtins-5.0.1.tgz",
      "integrity": "sha512-qwVpFEHNfhYJIzNRBvd2C1kyo6jz3ZSMPyyuR47OPdiKWlbYnZNyDWuyR175qDnAJLiCo5fBBqPb3RiXgWlkOQ==",
      "dependencies": {
        "semver": "^7.0.0"
      }
    },
    "node_modules/hosted-git-info": {
      "version": "7.0.1",
      "resolved": "https://registry.npmjs.org/hosted-git-info/-/hosted-git-info-7.0.1.tgz",
      "integrity": "sha512-+K84LB1DYwMHoHSgaOY/Jfhw3ucPmSET5v98Ke/HdNSw4a0UktWzyW1mjhjpuxxTqOOsfWT/7iVshHmVZ4IpOA==",
      "dependencies": {
        "lru-cache": "^10.0.1"
      },
      "engines": {
        "node": "^16.14.0 || >=18.0.0"
      }
    },
    "node_modules/lru-cache": {
      "version": "10.0.1",
      "resolved": "https://registry.npmjs.org/lru-cache/-/lru-cache-10.0.1.tgz",
      "integrity": "sha512-IJ4uwUTi2qCccrioU6g9g/5rvvVl13bsdczUUcqbciD9iLr095yj8DQKdObriEvuNSx325N1rV1O0sJFszx75g==",
      "engines": {
        "node": "14 || >=16.14"
      }
    },
    "node_modules/npm-package-arg": {
      "version": "11.0.1",
      "resolved": "https://registry.npmjs.org/npm-package-arg/-/npm-package-arg-11.0.1.tgz",
      "integrity": "sha512-M7s1BD4NxdAvBKUPqqRW957Xwcl/4Zvo8Aj+ANrzvIPzGJZElrH7Z//rSaec2ORcND6FHHLnZeY8qgTpXDMFQQ==",
      "dependencies": {
        "hosted-git-info": "^7.0.0",
        "proc-log": "^3.0.0",
        "semver": "^7.3.5",
        "validate-npm-package-name": "^5.0.0"
      },
      "engines": {
        "node": "^16.14.0 || >=18.0.0"
      }
    },
    "node_modules/proc-log": {
      "version": "3.0.0",
      "resolved": "https://registry.npmjs.org/proc-log/-/proc-log-3.0.0.tgz",
      "integrity": "sha512-++Vn7NS4Xf9NacaU9Xq3URUuqZETPsf8L4j5/ckhaRYsfPeRyzGw+iDjFhV/Jr3uNmTvvddEJFWh5R1gRgUH8A==",
      "engines": {
        "node": "^14.17.0 || ^16.13.0 || >=18.0.0"
      }
    },
    "node_modules/semver": {
      "version": "7.5.4",
      "resolved": "https://registry.npmjs.org/semver/-/semver-7.5.4.tgz",
      "integrity": "sha512-1bCSESV6Pv+i21Hvpxp3Dx+pSD8lIPt8uVjRrxAUt/nbswYc+tK6Y2btiULjd4+fnq15PX+nqQDC7Oft7WkwcA==",
      "dependencies": {
        "lru-cache": "^6.0.0"
      },
      "bin": {
        "semver": "bin/semver.js"
      },
      "engines": {
        "node": ">=10"
      }
    },
    "node_modules/semver/node_modules/lru-cache": {
      "version": "6.0.0",
      "resolved": "https://registry.npmjs.org/lru-cache/-/lru-cache-6.0.0.tgz",
      "integrity": "sha512-Jo6dJ04CmSjuznwJSS3pUeWmd/H0ffTlkXXgwZi+eq1UCmqQwCh+eLsYOYCwY991i2Fah4h1BEMCx4qThGbsiA==",
      "dependencies": {
        "yallist": "^4.0.0"
      },
      "engines": {
        "node": ">=10"
      }
    },
    "node_modules/validate-npm-package-name": {
      "version": "5.0.0",
      "resolved": "https://registry.npmjs.org/validate-npm-package-name/-/validate-npm-package-name-5.0.0.tgz",
      "integrity": "sha512-YuKoXDAhBYxY7SfOKxHBDoSyENFeW5VvIIQp2TGQuit8gpK6MnWaQelBKxso72DoxTZfZdcP3W90LqpSkgPzLQ==",
      "dependencies": {
        "builtins": "^5.0.0"
      },
      "engines": {
        "node": "^14.17.0 || ^16.13.0 || >=18.0.0"
      }
    },
    "node_modules/yallist": {
      "version": "4.0.0",
      "resolved": "https://registry.npmjs.org/yallist/-/yallist-4.0.0.tgz",
      "integrity": "sha512-3wdGidZyq5PB084XLES5TpOSRA3wjXAlIWMhum2kRcv/41Sn2emQ0dycQW4uZXLejwKvg6EsvbdlVL+FYEct7A=="
    }
  },
  "dependencies": {
    "builtins": {
      "version": "5.0.1",
      "resolved": "https://registry.npmjs.org/builtins/-/builtins-5.0.1.tgz",
      "integrity": "sha512-qwVpFEHNfhYJIzNRBvd2C1kyo6jz3ZSMPyyuR47OPdiKWlbYnZNyDWuyR175qDnAJLiCo5fBBqPb3RiXgWlkOQ==",
      "requires": {
        "semver": "^7.0.0"
      }
    },
    "hosted-git-info": {
      "version": "7.0.1",
      "resolved": "https://registry.npmjs.org/hosted-git-info/-/hosted-git-info-7.0.1.tgz",
      "integrity": "sha512-+K84LB1DYwMHoHSgaOY/Jfhw3ucPmSET5v98Ke/HdNSw4a0UktWzyW1mjhjpuxxTqOOsfWT/7iVshHmVZ4IpOA==",
      "requires": {
        "lru-cache": "^10.0.1"
      }
    },
    "lru-cache": {
      "version": "10.0.1",
      "resolved": "https://registry.npmjs.org/lru-cache/-/lru-cache-10.0.1.tgz",
      "integrity": "sha512-IJ4uwUTi2qCccrioU6g9g/5rvvVl13bsdczUUcqbciD9iLr095yj8DQKdObriEvuNSx325N1rV1O0sJFszx75g=="
    },
    "npm-package-arg": {
      "version": "11.0.1",
      "resolved": "https://registry.npmjs.org/npm-package-arg/-/npm-package-arg-11.0.1.tgz",
      "integrity": "sha512-M7s1BD4NxdAvBKUPqqRW957Xwcl/4Zvo8Aj+ANrzvIPzGJZElrH7Z//rSaec2ORcND6FHHLnZeY8qgTpXDMFQQ==",
      "requires": {
        "hosted-git-info": "^7.0.0",
        "proc-log": "^3.0.0",
        "semver": "^7.3.5",
        "validate-npm-package-name": "^5.0.0"
      }
    },
    "proc-log": {
      "version": "3.0.0",
      "resolved": "https://registry.npmjs.org/proc-log/-/proc-log-3.0.0.tgz",
      "integrity": "sha512-++Vn7NS4Xf9NacaU9Xq3URUuqZETPsf8L4j5/ckhaRYsfPeRyzGw+iDjFhV/Jr3uNmTvvddEJFWh5R1gRgUH8A=="
    },
    "semver": {
      "version": "7.5.4",
      "resolved": "https://registry.npmjs.org/semver/-/semver-7.5.4.tgz",
      "integrity": "sha512-1bCSESV6Pv+i21Hvpxp3Dx+pSD8lIPt8uVjRrxAUt/nbswYc+tK6Y2btiULjd4+fnq15PX+nqQDC7Oft7WkwcA==",
      "requires": {
        "lru-cache": "^6.0.0"
      },
      "dependencies": {
        "lru-cache": {
          "version": "6.0.0",
          "resolved": "https://registry.npmjs.org/lru-cache/-/lru-cache-6.0.0.tgz",
          "integrity": "sha512-Jo6dJ04CmSjuznwJSS3pUeWmd/H0ffTlkXXgwZi+eq1UCmqQwCh+eLsYOYCwY991i2Fah4h1BEMCx4qThGbsiA==",
          "requires": {
            "yallist": "^4.0.0"
          }
        }
      }
    },
    "validate-npm-package-name": {
      "version": "5.0.0",
      "resolved": "https://registry.npmjs.org/validate-npm-package-name/-/validate-npm-package-name-5.0.0.tgz",
      "integrity": "sha512-YuKoXDAhBYxY7SfOKxHBDoSyENFeW5VvIIQp2TGQuit8gpK6MnWaQelBKxso72DoxTZfZdcP3W90LqpSkgPzLQ==",
      "requires": {
        "builtins": "^5.0.0"
      }
    },
    "yallist": {
      "version": "4.0.0",
      "resolved": "https://registry.npmjs.org/yallist/-/yallist-4.0.0.tgz",
      "integrity": "sha512-3wdGidZyq5PB084XLES5TpOSRA3wjXAlIWMhum2kRcv/41Sn2emQ0dycQW4uZXLejwKvg6EsvbdlVL+FYEct7A=="
    }
  }
}
